
Microsoft Visual Studio Solution File, Format Version 12.00
# Visual Studio Version 17
VisualStudioVersion = 17.13.35818.85 d17.13
MinimumVisualStudioVersion = 10.0.40219.1
Project("{FAE04EC0-301F-11D3-BF4B-00C04F79EFBC}") = "ToDoApp", "ToDoApp.csproj", "{0E1FC31A-B2B1-B8B9-4A0A-B10C59FB9880}"
EndProject
Global
	GlobalSection(SolutionConfigurationPlatforms) = preSolution
		Debug|Any CPU = Debug|Any CPU
		Release|Any CPU = Release|Any CPU
	EndGlobalSection
	GlobalSection(ProjectConfigurationPlatforms) = postSolution
		{0E1FC31A-B2B1-B8B9-4A0A-B10C59FB9880}.Debug|Any CPU.ActiveCfg = Debug|Any CPU
		{0E1FC31A-B2B1-B8B9-4A0A-B10C59FB9880}.Debug|Any CPU.Build.0 = Debug|Any CPU
		{0E1FC31A-B2B1-B8B9-4A0A-B10C59FB9880}.Release|Any CPU.ActiveCfg = Release|Any CPU
		{0E1FC31A-B2B1-B8B9-4A0A-B10C59FB9880}.Release|Any CPU.Build.0 = Release|Any CPU
	EndGlobalSection
	GlobalSection(SolutionProperties) = preSolution
		HideSolutionNode = FALSE
	EndGlobalSection
	GlobalSection(ExtensibilityGlobals) = postSolution
		SolutionGuid = {205259CA-9A31-4E5D-8F65-6877E1B8ACC4}
	EndGlobalSection
EndGlobal
